
Microsoft Visual Studio Solution File, Format Version 12.00
# Visual Studio 14
VisualStudioVersion = 14.0.24720.0
MinimumVisualStudioVersion = 10.0.40219.1
Project("{2150E333-8FDC-42A3-9474-1A3956D46DE8}") = "1- Application", "1- Application", "{171340AF-5D94-40FC-9CE3-DB8BD849B39A}"
EndProject
Project("{2150E333-8FDC-42A3-9474-1A3956D46DE8}") = "2- CrossCutiing", "2- CrossCutiing", "{3C979760-9155-484D-998D-EE137D601E6C}"
EndProject
Project("{2150E333-8FDC-42A3-9474-1A3956D46DE8}") = "3- ServiceLayer", "3- ServiceLayer", "{CDC1CA53-84A9-4B7D-A2C1-D11863D3D013}"
EndProject
Project("{FAE04EC0-301F-11D3-BF4B-00C04F79EFBC}") = "ServiceLayer", "ServiceLayer\ServiceLayer.csproj", "{3D14E894-20C6-44E3-92EC-8981509F058D}"
EndProject
Project("{FAE04EC0-301F-11D3-BF4B-00C04F79EFBC}") = "IServiceLayer", "IServiceLayer\IServiceLayer.csproj", "{5F10B1CF-0B62-4EAA-9725-D4A869A8D776}"
EndProject
Project("{FAE04EC0-301F-11D3-BF4B-00C04F79EFBC}") = "CrossCutting", "CrossCutting\CrossCutting.csproj", "{11C864BC-8FE1-4F41-9360-9B2C50F8874E}"
EndProject
Project("{FAE04EC0-301F-11D3-BF4B-00C04F79EFBC}") = "App", "App\App.csproj", "{21408F59-0F04-48A1-9058-57D47F64BAC8}"
EndProject
Project("{2150E333-8FDC-42A3-9474-1A3956D46DE8}") = "4- DataServiceLayer", "4- DataServiceLayer", "{2866F184-FA5F-4C9C-A881-EE735EEC826A}"
EndProject
Project("{FAE04EC0-301F-11D3-BF4B-00C04F79EFBC}") = "IDataServiceLayer", "IDataServiceLayer\IDataServiceLayer.csproj", "{F35A4ACA-C919-43B1-90E7-68F6B32ABC38}"
EndProject
Project("{FAE04EC0-301F-11D3-BF4B-00C04F79EFBC}") = "DataServiceLayer", "DataServiceLayer\DataServiceLayer.csproj", "{5D89BED6-A9CB-4A8A-B403-9E9F55D95A00}"
EndProject
Project("{2150E333-8FDC-42A3-9474-1A3956D46DE8}") = "5- Test", "5- Test", "{B379C8BE-F56E-4196-83C1-59AC375FE74E}"
EndProject
Project("{FAE04EC0-301F-11D3-BF4B-00C04F79EFBC}") = "TestPublicLibrary", "TestPublicLibrary\TestPublicLibrary.csproj", "{771C75B8-B8EE-42AF-B1DC-21A9EDDCA0FC}"
EndProject
Project("{2150E333-8FDC-42A3-9474-1A3956D46DE8}") = "6- Storage", "6- Storage", "{3F382815-E6A7-4AFE-B51B-C24EC2C651A6}"
EndProject
Project("{00D1A9C2-B5F0-4AF3-8072-F6C62B433612}") = "Storage", "Storage\Storage.sqlproj", "{ACF1747C-487D-413B-946C-0E6244BADA9B}"
EndProject
Global
	GlobalSection(SolutionConfigurationPlatforms) = preSolution
		Debug|Any CPU = Debug|Any CPU
		Release|Any CPU = Release|Any CPU
	EndGlobalSection
	GlobalSection(ProjectConfigurationPlatforms) = postSolution
		{3D14E894-20C6-44E3-92EC-8981509F058D}.Debug|Any CPU.ActiveCfg = Debug|Any CPU
		{3D14E894-20C6-44E3-92EC-8981509F058D}.Debug|Any CPU.Build.0 = Debug|Any CPU
		{3D14E894-20C6-44E3-92EC-8981509F058D}.Release|Any CPU.ActiveCfg = Release|Any CPU
		{3D14E894-20C6-44E3-92EC-8981509F058D}.Release|Any CPU.Build.0 = Release|Any CPU
		{5F10B1CF-0B62-4EAA-9725-D4A869A8D776}.Debug|Any CPU.ActiveCfg = Debug|Any CPU
		{5F10B1CF-0B62-4EAA-9725-D4A869A8D776}.Debug|Any CPU.Build.0 = Debug|Any CPU
		{5F10B1CF-0B62-4EAA-9725-D4A869A8D776}.Release|Any CPU.ActiveCfg = Release|Any CPU
		{5F10B1CF-0B62-4EAA-9725-D4A869A8D776}.Release|Any CPU.Build.0 = Release|Any CPU
		{11C864BC-8FE1-4F41-9360-9B2C50F8874E}.Debug|Any CPU.ActiveCfg = Debug|Any CPU
		{11C864BC-8FE1-4F41-9360-9B2C50F8874E}.Debug|Any CPU.Build.0 = Debug|Any CPU
		{11C864BC-8FE1-4F41-9360-9B2C50F8874E}.Release|Any CPU.ActiveCfg = Release|Any CPU
		{11C864BC-8FE1-4F41-9360-9B2C50F8874E}.Release|Any CPU.Build.0 = Release|Any CPU
		{21408F59-0F04-48A1-9058-57D47F64BAC8}.Debug|Any CPU.ActiveCfg = Debug|Any CPU
		{21408F59-0F04-48A1-9058-57D47F64BAC8}.Debug|Any CPU.Build.0 = Debug|Any CPU
		{21408F59-0F04-48A1-9058-57D47F64BAC8}.Release|Any CPU.ActiveCfg = Release|Any CPU
		{21408F59-0F04-48A1-9058-57D47F64BAC8}.Release|Any CPU.Build.0 = Release|Any CPU
		{F35A4ACA-C919-43B1-90E7-68F6B32ABC38}.Debug|Any CPU.ActiveCfg = Debug|Any CPU
		{F35A4ACA-C919-43B1-90E7-68F6B32ABC38}.Debug|Any CPU.Build.0 = Debug|Any CPU
		{F35A4ACA-C919-43B1-90E7-68F6B32ABC38}.Release|Any CPU.ActiveCfg = Release|Any CPU
		{F35A4ACA-C919-43B1-90E7-68F6B32ABC38}.Release|Any CPU.Build.0 = Release|Any CPU
		{5D89BED6-A9CB-4A8A-B403-9E9F55D95A00}.Debug|Any CPU.ActiveCfg = Debug|Any CPU
		{5D89BED6-A9CB-4A8A-B403-9E9F55D95A00}.Debug|Any CPU.Build.0 = Debug|Any CPU
		{5D89BED6-A9CB-4A8A-B403-9E9F55D95A00}.Release|Any CPU.ActiveCfg = Release|Any CPU
		{5D89BED6-A9CB-4A8A-B403-9E9F55D95A00}.Release|Any CPU.Build.0 = Release|Any CPU
		{771C75B8-B8EE-42AF-B1DC-21A9EDDCA0FC}.Debug|Any CPU.ActiveCfg = Debug|Any CPU
		{771C75B8-B8EE-42AF-B1DC-21A9EDDCA0FC}.Debug|Any CPU.Build.0 = Debug|Any CPU
		{771C75B8-B8EE-42AF-B1DC-21A9EDDCA0FC}.Release|Any CPU.ActiveCfg = Release|Any CPU
		{771C75B8-B8EE-42AF-B1DC-21A9EDDCA0FC}.Release|Any CPU.Build.0 = Release|Any CPU
		{ACF1747C-487D-413B-946C-0E6244BADA9B}.Debug|Any CPU.ActiveCfg = Debug|Any CPU
		{ACF1747C-487D-413B-946C-0E6244BADA9B}.Debug|Any CPU.Build.0 = Debug|Any CPU
		{ACF1747C-487D-413B-946C-0E6244BADA9B}.Debug|Any CPU.Deploy.0 = Debug|Any CPU
		{ACF1747C-487D-413B-946C-0E6244BADA9B}.Release|Any CPU.ActiveCfg = Release|Any CPU
		{ACF1747C-487D-413B-946C-0E6244BADA9B}.Release|Any CPU.Build.0 = Release|Any CPU
		{ACF1747C-487D-413B-946C-0E6244BADA9B}.Release|Any CPU.Deploy.0 = Release|Any CPU
	EndGlobalSection
	GlobalSection(SolutionProperties) = preSolution
		HideSolutionNode = FALSE
	EndGlobalSection
	GlobalSection(NestedProjects) = preSolution
		{3D14E894-20C6-44E3-92EC-8981509F058D} = {CDC1CA53-84A9-4B7D-A2C1-D11863D3D013}
		{5F10B1CF-0B62-4EAA-9725-D4A869A8D776} = {CDC1CA53-84A9-4B7D-A2C1-D11863D3D013}
		{11C864BC-8FE1-4F41-9360-9B2C50F8874E} = {3C979760-9155-484D-998D-EE137D601E6C}
		{21408F59-0F04-48A1-9058-57D47F64BAC8} = {171340AF-5D94-40FC-9CE3-DB8BD849B39A}
		{F35A4ACA-C919-43B1-90E7-68F6B32ABC38} = {2866F184-FA5F-4C9C-A881-EE735EEC826A}
		{5D89BED6-A9CB-4A8A-B403-9E9F55D95A00} = {2866F184-FA5F-4C9C-A881-EE735EEC826A}
		{771C75B8-B8EE-42AF-B1DC-21A9EDDCA0FC} = {B379C8BE-F56E-4196-83C1-59AC375FE74E}
		{ACF1747C-487D-413B-946C-0E6244BADA9B} = {3F382815-E6A7-4AFE-B51B-C24EC2C651A6}
	EndGlobalSection
EndGlobal
